
Microsoft Visual Studio Solution File, Format Version 12.00
# Visual Studio Version 16
Project("{2150E333-8FDC-42A3-9474-1A3956D46DE8}") = "Libraries", "Libraries", "{7C8DD20B-2D97-364C-AE84-CEF9198C8F8D}"
EndProject
Project("{2150E333-8FDC-42A3-9474-1A3956D46DE8}") = "Predefined", "Predefined", "{36D5C649-62F2-30F5-A8DC-EF4D2C943770}"
EndProject
Project("{2150E333-8FDC-42A3-9474-1A3956D46DE8}") = "VSTGUI Tools", "VSTGUI Tools", "{F7DC7AA9-2260-38A8-B481-D4EFB118BA7B}"
EndProject
Project("{2150E333-8FDC-42A3-9474-1A3956D46DE8}") = "Validator", "Validator", "{DA84AD31-4564-376B-8793-EDBCEFA0BCE2}"
EndProject
Project("{8BC9CEB8-8B4A-11D0-8D11-00A0C91BC942}") = "ALL_BUILD", "ALL_BUILD.vcxproj", "{E34FA66E-6375-3AAB-B546-348873CE5DEF}"
	ProjectSection(ProjectDependencies) = postProject
		{FCFDCC12-809F-346B-9964-FA1C34EAA903} = {FCFDCC12-809F-346B-9964-FA1C34EAA903}
		{4B2F0B70-EE11-366C-AC9E-EA95D04B2269} = {4B2F0B70-EE11-366C-AC9E-EA95D04B2269}
		{7851C082-3B37-3970-A357-EF644013F3F8} = {7851C082-3B37-3970-A357-EF644013F3F8}
		{60F159D6-D54A-31C6-80E4-26637F68F72A} = {60F159D6-D54A-31C6-80E4-26637F68F72A}
		{14EEB144-490B-336F-A81E-4FAB0AE8E68A} = {14EEB144-490B-336F-A81E-4FAB0AE8E68A}
		{90493432-6C88-395E-8715-A7CEEEF8E607} = {90493432-6C88-395E-8715-A7CEEEF8E607}
		{BDA7B81F-1AE8-3F1A-BD30-E600F83A6587} = {BDA7B81F-1AE8-3F1A-BD30-E600F83A6587}
		{E1DC901A-B1EB-368B-9A26-213CBA1B14C6} = {E1DC901A-B1EB-368B-9A26-213CBA1B14C6}
		{3BDCD729-294A-393E-BB6B-9940134DC8D4} = {3BDCD729-294A-393E-BB6B-9940134DC8D4}
		{166E128A-E1C3-3608-BA3E-2D92D71B284F} = {166E128A-E1C3-3608-BA3E-2D92D71B284F}
	EndProjectSection
EndProject
Project("{8BC9CEB8-8B4A-11D0-8D11-00A0C91BC942}") = "DTreverb_VST", "project_source\cmake\vst_cmake\DTreverb_VST.vcxproj", "{FCFDCC12-809F-346B-9964-FA1C34EAA903}"
	ProjectSection(ProjectDependencies) = postProject
		{4B2F0B70-EE11-366C-AC9E-EA95D04B2269} = {4B2F0B70-EE11-366C-AC9E-EA95D04B2269}
		{7851C082-3B37-3970-A357-EF644013F3F8} = {7851C082-3B37-3970-A357-EF644013F3F8}
		{60F159D6-D54A-31C6-80E4-26637F68F72A} = {60F159D6-D54A-31C6-80E4-26637F68F72A}
		{14EEB144-490B-336F-A81E-4FAB0AE8E68A} = {14EEB144-490B-336F-A81E-4FAB0AE8E68A}
		{BDA7B81F-1AE8-3F1A-BD30-E600F83A6587} = {BDA7B81F-1AE8-3F1A-BD30-E600F83A6587}
		{E1DC901A-B1EB-368B-9A26-213CBA1B14C6} = {E1DC901A-B1EB-368B-9A26-213CBA1B14C6}
		{3BDCD729-294A-393E-BB6B-9940134DC8D4} = {3BDCD729-294A-393E-BB6B-9940134DC8D4}
		{166E128A-E1C3-3608-BA3E-2D92D71B284F} = {166E128A-E1C3-3608-BA3E-2D92D71B284F}
	EndProjectSection
EndProject
Project("{8BC9CEB8-8B4A-11D0-8D11-00A0C91BC942}") = "ZERO_CHECK", "ZERO_CHECK.vcxproj", "{4B2F0B70-EE11-366C-AC9E-EA95D04B2269}"
	ProjectSection(ProjectDependencies) = postProject
	EndProjectSection
EndProject
Project("{8BC9CEB8-8B4A-11D0-8D11-00A0C91BC942}") = "base", "cmake\vst_cmake\base\base.vcxproj", "{7851C082-3B37-3970-A357-EF644013F3F8}"
	ProjectSection(ProjectDependencies) = postProject
		{4B2F0B70-EE11-366C-AC9E-EA95D04B2269} = {4B2F0B70-EE11-366C-AC9E-EA95D04B2269}
	EndProjectSection
EndProject
Project("{8BC9CEB8-8B4A-11D0-8D11-00A0C91BC942}") = "pluginterfaces", "cmake\vst_cmake\pluginterfaces\pluginterfaces.vcxproj", "{60F159D6-D54A-31C6-80E4-26637F68F72A}"
	ProjectSection(ProjectDependencies) = postProject
		{4B2F0B70-EE11-366C-AC9E-EA95D04B2269} = {4B2F0B70-EE11-366C-AC9E-EA95D04B2269}
	EndProjectSection
EndProject
Project("{8BC9CEB8-8B4A-11D0-8D11-00A0C91BC942}") = "sdk", "cmake\vst_cmake\public.sdk\sdk.vcxproj", "{14EEB144-490B-336F-A81E-4FAB0AE8E68A}"
	ProjectSection(ProjectDependencies) = postProject
		{4B2F0B70-EE11-366C-AC9E-EA95D04B2269} = {4B2F0B70-EE11-366C-AC9E-EA95D04B2269}
		{7851C082-3B37-3970-A357-EF644013F3F8} = {7851C082-3B37-3970-A357-EF644013F3F8}
		{60F159D6-D54A-31C6-80E4-26637F68F72A} = {60F159D6-D54A-31C6-80E4-26637F68F72A}
	EndProjectSection
EndProject
Project("{8BC9CEB8-8B4A-11D0-8D11-00A0C91BC942}") = "uidesccompressor", "cmake\vst_cmake\vstgui4\vstgui\tools\uidesccompressor\uidesccompressor.vcxproj", "{90493432-6C88-395E-8715-A7CEEEF8E607}"
	ProjectSection(ProjectDependencies) = postProject
		{4B2F0B70-EE11-366C-AC9E-EA95D04B2269} = {4B2F0B70-EE11-366C-AC9E-EA95D04B2269}
		{E1DC901A-B1EB-368B-9A26-213CBA1B14C6} = {E1DC901A-B1EB-368B-9A26-213CBA1B14C6}
		{166E128A-E1C3-3608-BA3E-2D92D71B284F} = {166E128A-E1C3-3608-BA3E-2D92D71B284F}
	EndProjectSection
EndProject
Project("{8BC9CEB8-8B4A-11D0-8D11-00A0C91BC942}") = "validator", "cmake\vst_cmake\public.sdk\samples\vst-hosting\validator\validator.vcxproj", "{BDA7B81F-1AE8-3F1A-BD30-E600F83A6587}"
	ProjectSection(ProjectDependencies) = postProject
		{4B2F0B70-EE11-366C-AC9E-EA95D04B2269} = {4B2F0B70-EE11-366C-AC9E-EA95D04B2269}
		{7851C082-3B37-3970-A357-EF644013F3F8} = {7851C082-3B37-3970-A357-EF644013F3F8}
		{60F159D6-D54A-31C6-80E4-26637F68F72A} = {60F159D6-D54A-31C6-80E4-26637F68F72A}
		{14EEB144-490B-336F-A81E-4FAB0AE8E68A} = {14EEB144-490B-336F-A81E-4FAB0AE8E68A}
	EndProjectSection
EndProject
Project("{8BC9CEB8-8B4A-11D0-8D11-00A0C91BC942}") = "vstgui", "cmake\vst_cmake\vstgui4\vstgui\lib\vstgui.vcxproj", "{E1DC901A-B1EB-368B-9A26-213CBA1B14C6}"
	ProjectSection(ProjectDependencies) = postProject
		{4B2F0B70-EE11-366C-AC9E-EA95D04B2269} = {4B2F0B70-EE11-366C-AC9E-EA95D04B2269}
	EndProjectSection
EndProject
Project("{8BC9CEB8-8B4A-11D0-8D11-00A0C91BC942}") = "vstgui_support", "cmake\vst_cmake\vstgui_support.vcxproj", "{3BDCD729-294A-393E-BB6B-9940134DC8D4}"
	ProjectSection(ProjectDependencies) = postProject
		{4B2F0B70-EE11-366C-AC9E-EA95D04B2269} = {4B2F0B70-EE11-366C-AC9E-EA95D04B2269}
		{E1DC901A-B1EB-368B-9A26-213CBA1B14C6} = {E1DC901A-B1EB-368B-9A26-213CBA1B14C6}
		{166E128A-E1C3-3608-BA3E-2D92D71B284F} = {166E128A-E1C3-3608-BA3E-2D92D71B284F}
	EndProjectSection
EndProject
Project("{8BC9CEB8-8B4A-11D0-8D11-00A0C91BC942}") = "vstgui_uidescription", "cmake\vst_cmake\vstgui4\vstgui\uidescription\vstgui_uidescription.vcxproj", "{166E128A-E1C3-3608-BA3E-2D92D71B284F}"
	ProjectSection(ProjectDependencies) = postProject
		{4B2F0B70-EE11-366C-AC9E-EA95D04B2269} = {4B2F0B70-EE11-366C-AC9E-EA95D04B2269}
		{E1DC901A-B1EB-368B-9A26-213CBA1B14C6} = {E1DC901A-B1EB-368B-9A26-213CBA1B14C6}
	EndProjectSection
EndProject
Global
	GlobalSection(SolutionConfigurationPlatforms) = preSolution
		Debug|x64 = Debug|x64
		Release|x64 = Release|x64
		MinSizeRel|x64 = MinSizeRel|x64
		RelWithDebInfo|x64 = RelWithDebInfo|x64
	EndGlobalSection
	GlobalSection(ProjectConfigurationPlatforms) = postSolution
		{E34FA66E-6375-3AAB-B546-348873CE5DEF}.Debug|x64.ActiveCfg = Debug|x64
		{E34FA66E-6375-3AAB-B546-348873CE5DEF}.Release|x64.ActiveCfg = Release|x64
		{E34FA66E-6375-3AAB-B546-348873CE5DEF}.MinSizeRel|x64.ActiveCfg = MinSizeRel|x64
		{E34FA66E-6375-3AAB-B546-348873CE5DEF}.RelWithDebInfo|x64.ActiveCfg = RelWithDebInfo|x64
		{FCFDCC12-809F-346B-9964-FA1C34EAA903}.Debug|x64.ActiveCfg = Debug|x64
		{FCFDCC12-809F-346B-9964-FA1C34EAA903}.Debug|x64.Build.0 = Debug|x64
		{FCFDCC12-809F-346B-9964-FA1C34EAA903}.Release|x64.ActiveCfg = Release|x64
		{FCFDCC12-809F-346B-9964-FA1C34EAA903}.Release|x64.Build.0 = Release|x64
		{FCFDCC12-809F-346B-9964-FA1C34EAA903}.MinSizeRel|x64.ActiveCfg = MinSizeRel|x64
		{FCFDCC12-809F-346B-9964-FA1C34EAA903}.MinSizeRel|x64.Build.0 = MinSizeRel|x64
		{FCFDCC12-809F-346B-9964-FA1C34EAA903}.RelWithDebInfo|x64.ActiveCfg = RelWithDebInfo|x64
		{FCFDCC12-809F-346B-9964-FA1C34EAA903}.RelWithDebInfo|x64.Build.0 = RelWithDebInfo|x64
		{4B2F0B70-EE11-366C-AC9E-EA95D04B2269}.Debug|x64.ActiveCfg = Debug|x64
		{4B2F0B70-EE11-366C-AC9E-EA95D04B2269}.Debug|x64.Build.0 = Debug|x64
		{4B2F0B70-EE11-366C-AC9E-EA95D04B2269}.Release|x64.ActiveCfg = Release|x64
		{4B2F0B70-EE11-366C-AC9E-EA95D04B2269}.Release|x64.Build.0 = Release|x64
		{4B2F0B70-EE11-366C-AC9E-EA95D04B2269}.MinSizeRel|x64.ActiveCfg = MinSizeRel|x64
		{4B2F0B70-EE11-366C-AC9E-EA95D04B2269}.MinSizeRel|x64.Build.0 = MinSizeRel|x64
		{4B2F0B70-EE11-366C-AC9E-EA95D04B2269}.RelWithDebInfo|x64.ActiveCfg = RelWithDebInfo|x64
		{4B2F0B70-EE11-366C-AC9E-EA95D04B2269}.RelWithDebInfo|x64.Build.0 = RelWithDebInfo|x64
		{7851C082-3B37-3970-A357-EF644013F3F8}.Debug|x64.ActiveCfg = Debug|x64
		{7851C082-3B37-3970-A357-EF644013F3F8}.Debug|x64.Build.0 = Debug|x64
		{7851C082-3B37-3970-A357-EF644013F3F8}.Release|x64.ActiveCfg = Release|x64
		{7851C082-3B37-3970-A357-EF644013F3F8}.Release|x64.Build.0 = Release|x64
		{7851C082-3B37-3970-A357-EF644013F3F8}.MinSizeRel|x64.ActiveCfg = MinSizeRel|x64
		{7851C082-3B37-3970-A357-EF644013F3F8}.MinSizeRel|x64.Build.0 = MinSizeRel|x64
		{7851C082-3B37-3970-A357-EF644013F3F8}.RelWithDebInfo|x64.ActiveCfg = RelWithDebInfo|x64
		{7851C082-3B37-3970-A357-EF644013F3F8}.RelWithDebInfo|x64.Build.0 = RelWithDebInfo|x64
		{60F159D6-D54A-31C6-80E4-26637F68F72A}.Debug|x64.ActiveCfg = Debug|x64
		{60F159D6-D54A-31C6-80E4-26637F68F72A}.Debug|x64.Build.0 = Debug|x64
		{60F159D6-D54A-31C6-80E4-26637F68F72A}.Release|x64.ActiveCfg = Release|x64
		{60F159D6-D54A-31C6-80E4-26637F68F72A}.Release|x64.Build.0 = Release|x64
		{60F159D6-D54A-31C6-80E4-26637F68F72A}.MinSizeRel|x64.ActiveCfg = MinSizeRel|x64
		{60F159D6-D54A-31C6-80E4-26637F68F72A}.MinSizeRel|x64.Build.0 = MinSizeRel|x64
		{60F159D6-D54A-31C6-80E4-26637F68F72A}.RelWithDebInfo|x64.ActiveCfg = RelWithDebInfo|x64
		{60F159D6-D54A-31C6-80E4-26637F68F72A}.RelWithDebInfo|x64.Build.0 = RelWithDebInfo|x64
		{14EEB144-490B-336F-A81E-4FAB0AE8E68A}.Debug|x64.ActiveCfg = Debug|x64
		{14EEB144-490B-336F-A81E-4FAB0AE8E68A}.Debug|x64.Build.0 = Debug|x64
		{14EEB144-490B-336F-A81E-4FAB0AE8E68A}.Release|x64.ActiveCfg = Release|x64
		{14EEB144-490B-336F-A81E-4FAB0AE8E68A}.Release|x64.Build.0 = Release|x64
		{14EEB144-490B-336F-A81E-4FAB0AE8E68A}.MinSizeRel|x64.ActiveCfg = MinSizeRel|x64
		{14EEB144-490B-336F-A81E-4FAB0AE8E68A}.MinSizeRel|x64.Build.0 = MinSizeRel|x64
		{14EEB144-490B-336F-A81E-4FAB0AE8E68A}.RelWithDebInfo|x64.ActiveCfg = RelWithDebInfo|x64
		{14EEB144-490B-336F-A81E-4FAB0AE8E68A}.RelWithDebInfo|x64.Build.0 = RelWithDebInfo|x64
		{90493432-6C88-395E-8715-A7CEEEF8E607}.Debug|x64.ActiveCfg = Debug|x64
		{90493432-6C88-395E-8715-A7CEEEF8E607}.Debug|x64.Build.0 = Debug|x64
		{90493432-6C88-395E-8715-A7CEEEF8E607}.Release|x64.ActiveCfg = Release|x64
		{90493432-6C88-395E-8715-A7CEEEF8E607}.Release|x64.Build.0 = Release|x64
		{90493432-6C88-395E-8715-A7CEEEF8E607}.MinSizeRel|x64.ActiveCfg = MinSizeRel|x64
		{90493432-6C88-395E-8715-A7CEEEF8E607}.MinSizeRel|x64.Build.0 = MinSizeRel|x64
		{90493432-6C88-395E-8715-A7CEEEF8E607}.RelWithDebInfo|x64.ActiveCfg = RelWithDebInfo|x64
		{90493432-6C88-395E-8715-A7CEEEF8E607}.RelWithDebInfo|x64.Build.0 = RelWithDebInfo|x64
		{BDA7B81F-1AE8-3F1A-BD30-E600F83A6587}.Debug|x64.ActiveCfg = Debug|x64
		{BDA7B81F-1AE8-3F1A-BD30-E600F83A6587}.Debug|x64.Build.0 = Debug|x64
		{BDA7B81F-1AE8-3F1A-BD30-E600F83A6587}.Release|x64.ActiveCfg = Release|x64
		{BDA7B81F-1AE8-3F1A-BD30-E600F83A6587}.Release|x64.Build.0 = Release|x64
		{BDA7B81F-1AE8-3F1A-BD30-E600F83A6587}.MinSizeRel|x64.ActiveCfg = MinSizeRel|x64
		{BDA7B81F-1AE8-3F1A-BD30-E600F83A6587}.MinSizeRel|x64.Build.0 = MinSizeRel|x64
		{BDA7B81F-1AE8-3F1A-BD30-E600F83A6587}.RelWithDebInfo|x64.ActiveCfg = RelWithDebInfo|x64
		{BDA7B81F-1AE8-3F1A-BD30-E600F83A6587}.RelWithDebInfo|x64.Build.0 = RelWithDebInfo|x64
		{E1DC901A-B1EB-368B-9A26-213CBA1B14C6}.Debug|x64.ActiveCfg = Debug|x64
		{E1DC901A-B1EB-368B-9A26-213CBA1B14C6}.Debug|x64.Build.0 = Debug|x64
		{E1DC901A-B1EB-368B-9A26-213CBA1B14C6}.Release|x64.ActiveCfg = Release|x64
		{E1DC901A-B1EB-368B-9A26-213CBA1B14C6}.Release|x64.Build.0 = Release|x64
		{E1DC901A-B1EB-368B-9A26-213CBA1B14C6}.MinSizeRel|x64.ActiveCfg = MinSizeRel|x64
		{E1DC901A-B1EB-368B-9A26-213CBA1B14C6}.MinSizeRel|x64.Build.0 = MinSizeRel|x64
		{E1DC901A-B1EB-368B-9A26-213CBA1B14C6}.RelWithDebInfo|x64.ActiveCfg = RelWithDebInfo|x64
		{E1DC901A-B1EB-368B-9A26-213CBA1B14C6}.RelWithDebInfo|x64.Build.0 = RelWithDebInfo|x64
		{3BDCD729-294A-393E-BB6B-9940134DC8D4}.Debug|x64.ActiveCfg = Debug|x64
		{3BDCD729-294A-393E-BB6B-9940134DC8D4}.Debug|x64.Build.0 = Debug|x64
		{3BDCD729-294A-393E-BB6B-9940134DC8D4}.Release|x64.ActiveCfg = Release|x64
		{3BDCD729-294A-393E-BB6B-9940134DC8D4}.Release|x64.Build.0 = Release|x64
		{3BDCD729-294A-393E-BB6B-9940134DC8D4}.MinSizeRel|x64.ActiveCfg = MinSizeRel|x64
		{3BDCD729-294A-393E-BB6B-9940134DC8D4}.MinSizeRel|x64.Build.0 = MinSizeRel|x64
		{3BDCD729-294A-393E-BB6B-9940134DC8D4}.RelWithDebInfo|x64.ActiveCfg = RelWithDebInfo|x64
		{3BDCD729-294A-393E-BB6B-9940134DC8D4}.RelWithDebInfo|x64.Build.0 = RelWithDebInfo|x64
		{166E128A-E1C3-3608-BA3E-2D92D71B284F}.Debug|x64.ActiveCfg = Debug|x64
		{166E128A-E1C3-3608-BA3E-2D92D71B284F}.Debug|x64.Build.0 = Debug|x64
		{166E128A-E1C3-3608-BA3E-2D92D71B284F}.Release|x64.ActiveCfg = Release|x64
		{166E128A-E1C3-3608-BA3E-2D92D71B284F}.Release|x64.Build.0 = Release|x64
		{166E128A-E1C3-3608-BA3E-2D92D71B284F}.MinSizeRel|x64.ActiveCfg = MinSizeRel|x64
		{166E128A-E1C3-3608-BA3E-2D92D71B284F}.MinSizeRel|x64.Build.0 = MinSizeRel|x64
		{166E128A-E1C3-3608-BA3E-2D92D71B284F}.RelWithDebInfo|x64.ActiveCfg = RelWithDebInfo|x64
		{166E128A-E1C3-3608-BA3E-2D92D71B284F}.RelWithDebInfo|x64.Build.0 = RelWithDebInfo|x64
	EndGlobalSection
	GlobalSection(NestedProjects) = preSolution
		{7851C082-3B37-3970-A357-EF644013F3F8} = {7C8DD20B-2D97-364C-AE84-CEF9198C8F8D}
		{14EEB144-490B-336F-A81E-4FAB0AE8E68A} = {7C8DD20B-2D97-364C-AE84-CEF9198C8F8D}
		{E1DC901A-B1EB-368B-9A26-213CBA1B14C6} = {7C8DD20B-2D97-364C-AE84-CEF9198C8F8D}
		{3BDCD729-294A-393E-BB6B-9940134DC8D4} = {7C8DD20B-2D97-364C-AE84-CEF9198C8F8D}
		{166E128A-E1C3-3608-BA3E-2D92D71B284F} = {7C8DD20B-2D97-364C-AE84-CEF9198C8F8D}
		{E34FA66E-6375-3AAB-B546-348873CE5DEF} = {36D5C649-62F2-30F5-A8DC-EF4D2C943770}
		{4B2F0B70-EE11-366C-AC9E-EA95D04B2269} = {36D5C649-62F2-30F5-A8DC-EF4D2C943770}
		{90493432-6C88-395E-8715-A7CEEEF8E607} = {F7DC7AA9-2260-38A8-B481-D4EFB118BA7B}
		{BDA7B81F-1AE8-3F1A-BD30-E600F83A6587} = {DA84AD31-4564-376B-8793-EDBCEFA0BCE2}
	EndGlobalSection
	GlobalSection(ExtensibilityGlobals) = postSolution
		SolutionGuid = {5372511A-01F0-3BD6-8B0B-74C3CA81ADBD}
	EndGlobalSection
	GlobalSection(ExtensibilityAddIns) = postSolution
	EndGlobalSection
EndGlobal
